
Microsoft Visual Studio Solution File, Format Version 12.00
# Visual Studio Version 16
VisualStudioVersion = 16.0.30204.135
MinimumVisualStudioVersion = 10.0.40219.1
Project("{FAE04EC0-301F-11D3-BF4B-00C04F79EFBC}") = "KINO_PROJECT", "KINO_PROJECT\KINO_PROJECT.csproj", "{2D883AC8-0D61-4AFA-BB65-DE3B6E3FF405}"
EndProject
Global
	GlobalSection(SolutionConfigurationPlatforms) = preSolution
		Debug|Any CPU = Debug|Any CPU
		Release|Any CPU = Release|Any CPU
	EndGlobalSection
	GlobalSection(ProjectConfigurationPlatforms) = postSolution
		{2D883AC8-0D61-4AFA-BB65-DE3B6E3FF405}.Debug|Any CPU.ActiveCfg = Debug|Any CPU
		{2D883AC8-0D61-4AFA-BB65-DE3B6E3FF405}.Debug|Any CPU.Build.0 = Debug|Any CPU
		{2D883AC8-0D61-4AFA-BB65-DE3B6E3FF405}.Release|Any CPU.ActiveCfg = Release|Any CPU
		{2D883AC8-0D61-4AFA-BB65-DE3B6E3FF405}.Release|Any CPU.Build.0 = Release|Any CPU
	EndGlobalSection
	GlobalSection(SolutionProperties) = preSolution
		HideSolutionNode = FALSE
	EndGlobalSection
	GlobalSection(ExtensibilityGlobals) = postSolution
		SolutionGuid = {11FFA624-FAB7-45EF-9F02-B340F875551C}
	EndGlobalSection
EndGlobal
